<?xml version="1.0" encoding="utf-8"?>
<Project ToolsVersion="4.0" xmlns="http://schemas.microsoft.com/developer/msbuild/2003">
  <ItemGroup>
    <Filter Include="Ramp">
      <UniqueIdentifier>{B5B18B7C-A1E8-8C0D-4AD5-721036EB080F}</UniqueIdentifier>
    </Filter>
    <Filter Include="Ramp\Events">
      <UniqueIdentifier>{F9BF5BEC-6575-D4E1-EE69-CEB85A1ECBE5}</UniqueIdentifier>
    </Filter>
  </ItemGroup>
  <ItemGroup>
    <ClInclude Include="src\Ramp.h" />
    <ClInclude Include="src\Ramp\Application.h">
      <Filter>Ramp</Filter>
    </ClInclude>
    <ClInclude Include="src\Ramp\Core.h">
      <Filter>Ramp</Filter>
    </ClInclude>
    <ClInclude Include="src\Ramp\EntryPoint.h">
      <Filter>Ramp</Filter>
    </ClInclude>
    <ClInclude Include="src\Ramp\Events\ApplicationEvent.h">
      <Filter>Ramp\Events</Filter>
    </ClInclude>
    <ClInclude Include="src\Ramp\Events\Event.h">
      <Filter>Ramp\Events</Filter>
    </ClInclude>
    <ClInclude Include="src\Ramp\Events\KeyEvent.h">
      <Filter>Ramp\Events</Filter>
    </ClInclude>
    <ClInclude Include="src\Ramp\Events\MouseEvent.h">
      <Filter>Ramp\Events</Filter>
    </ClInclude>
    <ClInclude Include="src\Ramp\Log.h">
      <Filter>Ramp</Filter>
    </ClInclude>
  </ItemGroup>
  <ItemGroup>
    <ClCompile Include="src\Ramp\Application.cpp">
      <Filter>Ramp</Filter>
    </ClCompile>
    <ClCompile Include="src\Ramp\Log.cpp">
      <Filter>Ramp</Filter>
    </ClCompile>
  </ItemGroup>
</Project>