<?xml version="1.0" encoding="utf-8"?>
<Project ToolsVersion="4.0" xmlns="http://schemas.microsoft.com/developer/msbuild/2003">
  <ItemGroup>
    <Filter Include="Platform">
      <UniqueIdentifier>{2AC788B4-1694-E3BF-3FAD-D1672BD9184E}</UniqueIdentifier>
    </Filter>
    <Filter Include="Platform\Opengl">
      <UniqueIdentifier>{5E812C1D-CA0C-9AE1-D31D-1DD63F28F6E1}</UniqueIdentifier>
    </Filter>
    <Filter Include="Platform\Windows">
      <UniqueIdentifier>{64FBD71A-50F4-F66C-7926-DCF1657ED678}</UniqueIdentifier>
    </Filter>
    <Filter Include="Ramp">
      <UniqueIdentifier>{B5B18B7C-A1E8-8C0D-4AD5-721036EB080F}</UniqueIdentifier>
    </Filter>
    <Filter Include="Ramp\Events">
      <UniqueIdentifier>{F9BF5BEC-6575-D4E1-EE69-CEB85A1ECBE5}</UniqueIdentifier>
    </Filter>
    <Filter Include="Ramp\ImGui">
      <UniqueIdentifier>{9FDAC15C-8B92-03AA-F499-DC05E0709E9A}</UniqueIdentifier>
    </Filter>
  </ItemGroup>
  <ItemGroup>
    <ClInclude Include="src\Platform\Opengl\ImGuiOpenGLRenderer.h">
      <Filter>Platform\Opengl</Filter>
    </ClInclude>
    <ClInclude Include="src\Platform\Windows\WindowsWindow.h">
      <Filter>Platform\Windows</Filter>
    </ClInclude>
    <ClInclude Include="src\Ramp.h" />
    <ClInclude Include="src\Ramp\Application.h">
      <Filter>Ramp</Filter>
    </ClInclude>
    <ClInclude Include="src\Ramp\Core.h">
      <Filter>Ramp</Filter>
    </ClInclude>
    <ClInclude Include="src\Ramp\EntryPoint.h">
      <Filter>Ramp</Filter>
    </ClInclude>
    <ClInclude Include="src\Ramp\Events\ApplicationEvent.h">
      <Filter>Ramp\Events</Filter>
    </ClInclude>
    <ClInclude Include="src\Ramp\Events\Event.h">
      <Filter>Ramp\Events</Filter>
    </ClInclude>
    <ClInclude Include="src\Ramp\Events\KeyEvent.h">
      <Filter>Ramp\Events</Filter>
    </ClInclude>
    <ClInclude Include="src\Ramp\Events\MouseEvent.h">
      <Filter>Ramp\Events</Filter>
    </ClInclude>
    <ClInclude Include="src\Ramp\ImGui\ImGuiLayer.h">
      <Filter>Ramp\ImGui</Filter>
    </ClInclude>
    <ClInclude Include="src\Ramp\Layer.h">
      <Filter>Ramp</Filter>
    </ClInclude>
    <ClInclude Include="src\Ramp\LayerStack.h">
      <Filter>Ramp</Filter>
    </ClInclude>
    <ClInclude Include="src\Ramp\Log.h">
      <Filter>Ramp</Filter>
    </ClInclude>
    <ClInclude Include="src\Ramp\Window.h">
      <Filter>Ramp</Filter>
    </ClInclude>
    <ClInclude Include="src\rmppch.h" />
    <ClInclude Include="src\Ramp\input.h" />
    <ClInclude Include="src\Platform\Windows\WindowsInput.h" />
    <ClInclude Include="src\Ramp\KeyCodes.h" />
    <ClInclude Include="src\Ramp\MouseButtonCodes.h" />
  </ItemGroup>
  <ItemGroup>
    <ClCompile Include="src\Platform\Opengl\ImGuiOpenGLRenderer.cpp">
      <Filter>Platform\Opengl</Filter>
    </ClCompile>
    <ClCompile Include="src\Platform\Windows\WindowsWindow.cpp">
      <Filter>Platform\Windows</Filter>
    </ClCompile>
    <ClCompile Include="src\Ramp\Application.cpp">
      <Filter>Ramp</Filter>
    </ClCompile>
    <ClCompile Include="src\Ramp\ImGui\ImGuiLayer.cpp">
      <Filter>Ramp\ImGui</Filter>
    </ClCompile>
    <ClCompile Include="src\Ramp\Layer.cpp">
      <Filter>Ramp</Filter>
    </ClCompile>
    <ClCompile Include="src\Ramp\LayerStack.cpp">
      <Filter>Ramp</Filter>
    </ClCompile>
    <ClCompile Include="src\Ramp\Log.cpp">
      <Filter>Ramp</Filter>
    </ClCompile>
    <ClCompile Include="src\rmppch.cpp" />
    <ClCompile Include="src\Platform\Windows\WindowsInput.cpp" />
  </ItemGroup>
</Project>